{
  "requires": true,
  "lockfileVersion": 1,
  "dependencies": {
    "lodash": {
      "version": "4.17.10",
      "resolved": "https://registry.npmjs.org/lodash/-/lodash-4.17.10.tgz",
      "integrity": "sha512-UejweD1pDoXu+AD825lWwp4ZGtSwgnpZxb3JDViD7StjQz+Nb/6l093lx4OQ0foGWNRoc19mWy7BzL+UAK2iVg==",
      "dev": true
    },
    "webpack-merge": {
      "version": "4.1.2",
      "resolved": "https://registry.npmjs.org/webpack-merge/-/webpack-merge-4.1.2.tgz",
      "integrity": "sha512-/0QYwW/H1N/CdXYA2PNPVbsxO3u2Fpz34vs72xm03SRfg6bMNGfMJIQEpQjKRvkG2JvT6oRJFpDtSrwbX8Jzvw==",
      "dev": true,
      "requires": {
        "lodash": "4.17.10"
      }
    }
  }
}
